
Microsoft Visual Studio Solution File, Format Version 12.00
# Visual Studio Version 17
VisualStudioVersion = 17.0.32112.339
MinimumVisualStudioVersion = 10.0.40219.1
Project("{FAE04EC0-301F-11D3-BF4B-00C04F79EFBC}") = "Pathfinding", "Pathfinding\Pathfinding.csproj", "{490717C0-5F63-4927-83F6-0FA07B99459D}"
EndProject
Project("{FAE04EC0-301F-11D3-BF4B-00C04F79EFBC}") = "Pathfinding.Models", "Pathfinding.Models\Pathfinding.Models.csproj", "{9C7DFDDF-B42E-4259-BB61-E5E0B62E5B59}"
EndProject
Project("{FAE04EC0-301F-11D3-BF4B-00C04F79EFBC}") = "Pathfinding.Logic", "Pathfinding.Logic\Pathfinding.Logic.csproj", "{C4F49FDA-A300-4865-890B-A085014BB522}"
EndProject
Project("{FAE04EC0-301F-11D3-BF4B-00C04F79EFBC}") = "Pathfinding.Logic.Tests", "Pathfinding.Logic.Tests\Pathfinding.Logic.Tests.csproj", "{98D99CE0-52CF-4A89-9A97-AE8A25792904}"
EndProject
Global
	GlobalSection(SolutionConfigurationPlatforms) = preSolution
		Debug|Any CPU = Debug|Any CPU
		Release|Any CPU = Release|Any CPU
	EndGlobalSection
	GlobalSection(ProjectConfigurationPlatforms) = postSolution
		{490717C0-5F63-4927-83F6-0FA07B99459D}.Debug|Any CPU.ActiveCfg = Debug|Any CPU
		{490717C0-5F63-4927-83F6-0FA07B99459D}.Debug|Any CPU.Build.0 = Debug|Any CPU
		{490717C0-5F63-4927-83F6-0FA07B99459D}.Release|Any CPU.ActiveCfg = Release|Any CPU
		{490717C0-5F63-4927-83F6-0FA07B99459D}.Release|Any CPU.Build.0 = Release|Any CPU
		{9C7DFDDF-B42E-4259-BB61-E5E0B62E5B59}.Debug|Any CPU.ActiveCfg = Debug|Any CPU
		{9C7DFDDF-B42E-4259-BB61-E5E0B62E5B59}.Debug|Any CPU.Build.0 = Debug|Any CPU
		{9C7DFDDF-B42E-4259-BB61-E5E0B62E5B59}.Release|Any CPU.ActiveCfg = Release|Any CPU
		{9C7DFDDF-B42E-4259-BB61-E5E0B62E5B59}.Release|Any CPU.Build.0 = Release|Any CPU
		{C4F49FDA-A300-4865-890B-A085014BB522}.Debug|Any CPU.ActiveCfg = Debug|Any CPU
		{C4F49FDA-A300-4865-890B-A085014BB522}.Debug|Any CPU.Build.0 = Debug|Any CPU
		{C4F49FDA-A300-4865-890B-A085014BB522}.Release|Any CPU.ActiveCfg = Release|Any CPU
		{C4F49FDA-A300-4865-890B-A085014BB522}.Release|Any CPU.Build.0 = Release|Any CPU
		{98D99CE0-52CF-4A89-9A97-AE8A25792904}.Debug|Any CPU.ActiveCfg = Debug|Any CPU
		{98D99CE0-52CF-4A89-9A97-AE8A25792904}.Debug|Any CPU.Build.0 = Debug|Any CPU
		{98D99CE0-52CF-4A89-9A97-AE8A25792904}.Release|Any CPU.ActiveCfg = Release|Any CPU
		{98D99CE0-52CF-4A89-9A97-AE8A25792904}.Release|Any CPU.Build.0 = Release|Any CPU
	EndGlobalSection
	GlobalSection(SolutionProperties) = preSolution
		HideSolutionNode = FALSE
	EndGlobalSection
	GlobalSection(ExtensibilityGlobals) = postSolution
		SolutionGuid = {AF1B0740-3DAC-4758-86AD-120319815C1C}
	EndGlobalSection
EndGlobal
